
Microsoft Visual Studio Solution File, Format Version 12.00
# Visual Studio Version 17
VisualStudioVersion = 17.9.34723.18
MinimumVisualStudioVersion = 10.0.40219.1
Project("{9A19103F-16F7-4668-BE54-9A1E7A4F7556}") = "SpendWise", "SpendWise\SpendWise.csproj", "{0C990F2E-6DDA-410B-AF8A-1EBE447941C7}"
EndProject
Project("{9A19103F-16F7-4668-BE54-9A1E7A4F7556}") = "SpendWise_DataAccess", "SpendWise_DataAccess\SpendWise_DataAccess.csproj", "{A5C412D7-D6A8-46F6-8AEB-F307C6833FA5}"
EndProject
Project("{FAE04EC0-301F-11D3-BF4B-00C04F79EFBC}") = "SpendWise.Business", "SpendWise.Business\SpendWise.Business.csproj", "{5407DA05-774D-443E-9567-D36795C3A53E}"
EndProject
Global
	GlobalSection(SolutionConfigurationPlatforms) = preSolution
		Debug|Any CPU = Debug|Any CPU
		Release|Any CPU = Release|Any CPU
	EndGlobalSection
	GlobalSection(ProjectConfigurationPlatforms) = postSolution
		{0C990F2E-6DDA-410B-AF8A-1EBE447941C7}.Debug|Any CPU.ActiveCfg = Debug|Any CPU
		{0C990F2E-6DDA-410B-AF8A-1EBE447941C7}.Debug|Any CPU.Build.0 = Debug|Any CPU
		{0C990F2E-6DDA-410B-AF8A-1EBE447941C7}.Release|Any CPU.ActiveCfg = Release|Any CPU
		{0C990F2E-6DDA-410B-AF8A-1EBE447941C7}.Release|Any CPU.Build.0 = Release|Any CPU
		{A5C412D7-D6A8-46F6-8AEB-F307C6833FA5}.Debug|Any CPU.ActiveCfg = Debug|Any CPU
		{A5C412D7-D6A8-46F6-8AEB-F307C6833FA5}.Debug|Any CPU.Build.0 = Debug|Any CPU
		{A5C412D7-D6A8-46F6-8AEB-F307C6833FA5}.Release|Any CPU.ActiveCfg = Release|Any CPU
		{A5C412D7-D6A8-46F6-8AEB-F307C6833FA5}.Release|Any CPU.Build.0 = Release|Any CPU
		{5407DA05-774D-443E-9567-D36795C3A53E}.Debug|Any CPU.ActiveCfg = Debug|Any CPU
		{5407DA05-774D-443E-9567-D36795C3A53E}.Debug|Any CPU.Build.0 = Debug|Any CPU
		{5407DA05-774D-443E-9567-D36795C3A53E}.Release|Any CPU.ActiveCfg = Release|Any CPU
		{5407DA05-774D-443E-9567-D36795C3A53E}.Release|Any CPU.Build.0 = Release|Any CPU
	EndGlobalSection
	GlobalSection(SolutionProperties) = preSolution
		HideSolutionNode = FALSE
	EndGlobalSection
	GlobalSection(ExtensibilityGlobals) = postSolution
		SolutionGuid = {72878E01-C5C9-4C6D-A2AF-8EC8C711742A}
	EndGlobalSection
EndGlobal
